
Microsoft Visual Studio Solution File, Format Version 12.00
# Visual Studio Version 17
VisualStudioVersion = 17.14.36301.6 d17.14
MinimumVisualStudioVersion = 10.0.40219.1
Project("{FAE04EC0-301F-11D3-BF4B-00C04F79EFBC}") = "AdRegionService", "AdRegionService\AdRegionService.csproj", "{F02794F2-C6A9-48B0-959C-0DDFD4636125}"
EndProject
Project("{FAE04EC0-301F-11D3-BF4B-00C04F79EFBC}") = "AdRegionService.Tests", "AdRegionService.Tests\AdRegionService.Tests.csproj", "{B8195D5E-D3B1-4191-8333-689E46F53157}"
EndProject
Global
	GlobalSection(SolutionConfigurationPlatforms) = preSolution
		Debug|Any CPU = Debug|Any CPU
		Release|Any CPU = Release|Any CPU
	EndGlobalSection
	GlobalSection(ProjectConfigurationPlatforms) = postSolution
		{F02794F2-C6A9-48B0-959C-0DDFD4636125}.Debug|Any CPU.ActiveCfg = Debug|Any CPU
		{F02794F2-C6A9-48B0-959C-0DDFD4636125}.Debug|Any CPU.Build.0 = Debug|Any CPU
		{F02794F2-C6A9-48B0-959C-0DDFD4636125}.Release|Any CPU.ActiveCfg = Release|Any CPU
		{F02794F2-C6A9-48B0-959C-0DDFD4636125}.Release|Any CPU.Build.0 = Release|Any CPU
		{B8195D5E-D3B1-4191-8333-689E46F53157}.Debug|Any CPU.ActiveCfg = Debug|Any CPU
		{B8195D5E-D3B1-4191-8333-689E46F53157}.Debug|Any CPU.Build.0 = Debug|Any CPU
		{B8195D5E-D3B1-4191-8333-689E46F53157}.Release|Any CPU.ActiveCfg = Release|Any CPU
		{B8195D5E-D3B1-4191-8333-689E46F53157}.Release|Any CPU.Build.0 = Release|Any CPU
	EndGlobalSection
	GlobalSection(SolutionProperties) = preSolution
		HideSolutionNode = FALSE
	EndGlobalSection
	GlobalSection(ExtensibilityGlobals) = postSolution
		SolutionGuid = {08AE4271-8715-4535-B03E-672BAFE013EB}
	EndGlobalSection
EndGlobal
